
Microsoft Visual Studio Solution File, Format Version 12.00
# Visual Studio Version 17
VisualStudioVersion = 17.4.33403.182
MinimumVisualStudioVersion = 10.0.40219.1
Project("{FAE04EC0-301F-11D3-BF4B-00C04F79EFBC}") = "SendEmail", "SendEmail.csproj", "{51B838B5-B046-40DD-B5C8-A9CC39ABCFF5}"
EndProject
Global
	GlobalSection(SolutionConfigurationPlatforms) = preSolution
		Debug|Any CPU = Debug|Any CPU
		Release|Any CPU = Release|Any CPU
	EndGlobalSection
	GlobalSection(ProjectConfigurationPlatforms) = postSolution
		{51B838B5-B046-40DD-B5C8-A9CC39ABCFF5}.Debug|Any CPU.ActiveCfg = Debug|Any CPU
		{51B838B5-B046-40DD-B5C8-A9CC39ABCFF5}.Debug|Any CPU.Build.0 = Debug|Any CPU
		{51B838B5-B046-40DD-B5C8-A9CC39ABCFF5}.Release|Any CPU.ActiveCfg = Release|Any CPU
		{51B838B5-B046-40DD-B5C8-A9CC39ABCFF5}.Release|Any CPU.Build.0 = Release|Any CPU
	EndGlobalSection
	GlobalSection(SolutionProperties) = preSolution
		HideSolutionNode = FALSE
	EndGlobalSection
	GlobalSection(ExtensibilityGlobals) = postSolution
		SolutionGuid = {68A4BE7C-CD74-4A71-93E3-63AFD580E172}
	EndGlobalSection
EndGlobal
